PODS:
  - Alamofire (4.6.0)
  - AlamofireImage (3.3.0):
    - Alamofire (~> 4.5)
  - SwiftSoup (1.3.3)

DEPENDENCIES:
  - Alamofire
  - AlamofireImage
  - SwiftSoup (~> 1.3.2)

SPEC CHECKSUMS:
  Alamofire: f41a599bd63041760b26d393ec1069d9d7b917f4
  AlamofireImage: 2e784dc5d00f04903a52c1d169181469c805c3df
  SwiftSoup: ea785b3906d904d4bc430109f387f6043e9d44a1

PODFILE CHECKSUM: 5f06ebf54b6aeb198503aede311da2350500755d

COCOAPODS: 1.1.1
