// !$*UTF8*$!
{
	archiveVersion = 1;
	classes = {
	};
	objectVersion = 46;
	objects = {

/* Begin PBXBuildFile section */
		1537C5A2B13084E5400D8F51 /* Pods_rise_up.framework in Frameworks */ = {isa = PBXBuildFile; fileRef = 76377F30A5909020FF7F9C54 /* Pods_rise_up.framework */; };
		A21574231FD70078008D5227 /* Constant.swift in Sources */ = {isa = PBXBuildFile; fileRef = A21574221FD70078008D5227 /* Constant.swift */; };
		A218CB511FD52203009AE81E /* AppDelegate.swift in Sources */ = {isa = PBXBuildFile; fileRef = A218CB501FD52203009AE81E /* AppDelegate.swift */; };
		A218CB531FD52203009AE81E /* HomeVC.swift in Sources */ = {isa = PBXBuildFile; fileRef = A218CB521FD52203009AE81E /* HomeVC.swift */; };
		A218CB561FD52203009AE81E /* Main.storyboard in Resources */ = {isa = PBXBuildFile; fileRef = A218CB541FD52203009AE81E /* Main.storyboard */; };
		A218CB581FD52203009AE81E /* Assets.xcassets in Resources */ = {isa = PBXBuildFile; fileRef = A218CB571FD52203009AE81E /* Assets.xcassets */; };
		A218CB5B1FD52203009AE81E /* LaunchScreen.storyboard in Resources */ = {isa = PBXBuildFile; fileRef = A218CB591FD52203009AE81E /* LaunchScreen.storyboard */; };
		A218CB681FD528BE009AE81E /* MenuVC.swift in Sources */ = {isa = PBXBuildFile; fileRef = A218CB671FD528BE009AE81E /* MenuVC.swift */; };
		A24B3E7B1FD8C9BF007A1993 /* CustomGradientView.swift in Sources */ = {isa = PBXBuildFile; fileRef = A24B3E7A1FD8C9BF007A1993 /* CustomGradientView.swift */; };
		A2778D531FD6F0A100DFE7FE /* RiseUpCell.swift in Sources */ = {isa = PBXBuildFile; fileRef = A2778D521FD6F0A100DFE7FE /* RiseUpCell.swift */; };
		A2EAD1B91FD79B8900459663 /* ContentVC.swift in Sources */ = {isa = PBXBuildFile; fileRef = A2EAD1B81FD79B8900459663 /* ContentVC.swift */; };
		A2EAD1C81FD7AD8700459663 /* SWRevealViewController.m in Sources */ = {isa = PBXBuildFile; fileRef = A2EAD1C71FD7AD8700459663 /* SWRevealViewController.m */; };
		A2EE5F821FD67E8E00B6476B /* RiseUp.swift in Sources */ = {isa = PBXBuildFile; fileRef = A2EE5F811FD67E8E00B6476B /* RiseUp.swift */; };
/* End PBXBuildFile section */

/* Begin PBXFileReference section */
		5D835AA8DB52401CE264D26D /* Pods-rise-up.debug.xcconfig */ = {isa = PBXFileReference; includeInIndex = 1; lastKnownFileType = text.xcconfig; name = "Pods-rise-up.debug.xcconfig"; path = "Pods/Target Support Files/Pods-rise-up/Pods-rise-up.debug.xcconfig"; sourceTree = "<group>"; };
		76377F30A5909020FF7F9C54 /* Pods_rise_up.framework */ = {isa = PBXFileReference; explicitFileType = wrapper.framework; includeInIndex = 0; path = Pods_rise_up.framework; sourceTree = BUILT_PRODUCTS_DIR; };
		A21574221FD70078008D5227 /* Constant.swift */ = {isa = PBXFileReference; fileEncoding = 4; lastKnownFileType = sourcecode.swift; path = Constant.swift; sourceTree = "<group>"; };
		A218CB4D1FD52203009AE81E /* rise-up.app */ = {isa = PBXFileReference; explicitFileType = wrapper.application; includeInIndex = 0; path = "rise-up.app"; sourceTree = BUILT_PRODUCTS_DIR; };
		A218CB501FD52203009AE81E /* AppDelegate.swift */ = {isa = PBXFileReference; lastKnownFileType = sourcecode.swift; path = AppDelegate.swift; sourceTree = "<group>"; };
		A218CB521FD52203009AE81E /* HomeVC.swift */ = {isa = PBXFileReference; lastKnownFileType = sourcecode.swift; path = HomeVC.swift; sourceTree = "<group>"; };
		A218CB551FD52203009AE81E /* Base */ = {isa = PBXFileReference; lastKnownFileType = file.storyboard; name = Base; path = Base.lproj/Main.storyboard; sourceTree = "<group>"; };
		A218CB571FD52203009AE81E /* Assets.xcassets */ = {isa = PBXFileReference; lastKnownFileType = folder.assetcatalog; path = Assets.xcassets; sourceTree = "<group>"; };
		A218CB5A1FD52203009AE81E /* Base */ = {isa = PBXFileReference; lastKnownFileType = file.storyboard; name = Base; path = Base.lproj/LaunchScreen.storyboard; sourceTree = "<group>"; };
		A218CB5C1FD52203009AE81E /* Info.plist */ = {isa = PBXFileReference; lastKnownFileType = text.plist.xml; path = Info.plist; sourceTree = "<group>"; };
		A218CB671FD528BE009AE81E /* MenuVC.swift */ = {isa = PBXFileReference; fileEncoding = 4; lastKnownFileType = sourcecode.swift; path = MenuVC.swift; sourceTree = "<group>"; };
		A24B3E7A1FD8C9BF007A1993 /* CustomGradientView.swift */ = {isa = PBXFileReference; fileEncoding = 4; lastKnownFileType = sourcecode.swift; path = CustomGradientView.swift; sourceTree = "<group>"; };
		A2778D521FD6F0A100DFE7FE /* RiseUpCell.swift */ = {isa = PBXFileReference; fileEncoding = 4; lastKnownFileType = sourcecode.swift; path = RiseUpCell.swift; sourceTree = "<group>"; };
		A2EAD1B81FD79B8900459663 /* ContentVC.swift */ = {isa = PBXFileReference; fileEncoding = 4; lastKnownFileType = sourcecode.swift; path = ContentVC.swift; sourceTree = "<group>"; };
		A2EAD1C51FD7AD8600459663 /* rise-up-Bridging-Header.h */ = {isa = PBXFileReference; lastKnownFileType = sourcecode.c.h; path = "rise-up-Bridging-Header.h"; sourceTree = "<group>"; };
		A2EAD1C61FD7AD8700459663 /* SWRevealViewController.h */ = {isa = PBXFileReference; fileEncoding = 4; lastKnownFileType = sourcecode.c.h; path = SWRevealViewController.h; sourceTree = "<group>"; };
		A2EAD1C71FD7AD8700459663 /* SWRevealViewController.m */ = {isa = PBXFileReference; fileEncoding = 4; lastKnownFileType = sourcecode.c.objc; path = SWRevealViewController.m; sourceTree = "<group>"; };
		A2EE5F811FD67E8E00B6476B /* RiseUp.swift */ = {isa = PBXFileReference; fileEncoding = 4; lastKnownFileType = sourcecode.swift; path = RiseUp.swift; sourceTree = "<group>"; };
		F56F7DCCCC8B6D3B3C7ADA30 /* Pods-rise-up.release.xcconfig */ = {isa = PBXFileReference; includeInIndex = 1; lastKnownFileType = text.xcconfig; name = "Pods-rise-up.release.xcconfig"; path = "Pods/Target Support Files/Pods-rise-up/Pods-rise-up.release.xcconfig"; sourceTree = "<group>"; };
/* End PBXFileReference section */

/* Begin PBXFrameworksBuildPhase section */
		A218CB4A1FD52203009AE81E /* Frameworks */ = {
			isa = PBXFrameworksBuildPhase;
			buildActionMask = 2147483647;
			files = (
				1537C5A2B13084E5400D8F51 /* Pods_rise_up.framework in Frameworks */,
			);
			runOnlyForDeploymentPostprocessing = 0;
		};
/* End PBXFrameworksBuildPhase section */

/* Begin PBXGroup section */
		A21574211FD70049008D5227 /* Utils */ = {
			isa = PBXGroup;
			children = (
				A21574221FD70078008D5227 /* Constant.swift */,
			);
			name = Utils;
			sourceTree = "<group>";
		};
		A218CB441FD52203009AE81E = {
			isa = PBXGroup;
			children = (
				A218CB4F1FD52203009AE81E /* rise-up */,
				A218CB4E1FD52203009AE81E /* Products */,
				FF3639660FA2B773E0FAA760 /* Pods */,
				B5F39F080B3EBCC5B47F2DED /* Frameworks */,
			);
			sourceTree = "<group>";
		};
		A218CB4E1FD52203009AE81E /* Products */ = {
			isa = PBXGroup;
			children = (
				A218CB4D1FD52203009AE81E /* rise-up.app */,
			);
			name = Products;
			sourceTree = "<group>";
		};
		A218CB4F1FD52203009AE81E /* rise-up */ = {
			isa = PBXGroup;
			children = (
				A21574211FD70049008D5227 /* Utils */,
				A218CB6D1FD53BAD009AE81E /* Model */,
				A218CB6C1FD53BA6009AE81E /* View */,
				A218CB6B1FD53B9E009AE81E /* Controller */,
				A218CB621FD52216009AE81E /* Supporting Files */,
				A218CB501FD52203009AE81E /* AppDelegate.swift */,
				A218CB541FD52203009AE81E /* Main.storyboard */,
				A218CB571FD52203009AE81E /* Assets.xcassets */,
				A218CB591FD52203009AE81E /* LaunchScreen.storyboard */,
				A218CB5C1FD52203009AE81E /* Info.plist */,
			);
			path = "rise-up";
			sourceTree = "<group>";
		};
		A218CB621FD52216009AE81E /* Supporting Files */ = {
			isa = PBXGroup;
			children = (
				A2EAD1C61FD7AD8700459663 /* SWRevealViewController.h */,
				A2EAD1C71FD7AD8700459663 /* SWRevealViewController.m */,
				A2EAD1C51FD7AD8600459663 /* rise-up-Bridging-Header.h */,
			);
			name = "Supporting Files";
			sourceTree = "<group>";
		};
		A218CB6B1FD53B9E009AE81E /* Controller */ = {
			isa = PBXGroup;
			children = (
				A218CB671FD528BE009AE81E /* MenuVC.swift */,
				A218CB521FD52203009AE81E /* HomeVC.swift */,
				A2EAD1B81FD79B8900459663 /* ContentVC.swift */,
			);
			name = Controller;
			sourceTree = "<group>";
		};
		A218CB6C1FD53BA6009AE81E /* View */ = {
			isa = PBXGroup;
			children = (
				A2778D521FD6F0A100DFE7FE /* RiseUpCell.swift */,
				A24B3E7A1FD8C9BF007A1993 /* CustomGradientView.swift */,
			);
			name = View;
			sourceTree = "<group>";
		};
		A218CB6D1FD53BAD009AE81E /* Model */ = {
			isa = PBXGroup;
			children = (
				A2EE5F811FD67E8E00B6476B /* RiseUp.swift */,
			);
			name = Model;
			sourceTree = "<group>";
		};
		B5F39F080B3EBCC5B47F2DED /* Frameworks */ = {
			isa = PBXGroup;
			children = (
				76377F30A5909020FF7F9C54 /* Pods_rise_up.framework */,
			);
			name = Frameworks;
			sourceTree = "<group>";
		};
		FF3639660FA2B773E0FAA760 /* Pods */ = {
			isa = PBXGroup;
			children = (
				5D835AA8DB52401CE264D26D /* Pods-rise-up.debug.xcconfig */,
				F56F7DCCCC8B6D3B3C7ADA30 /* Pods-rise-up.release.xcconfig */,
			);
			name = Pods;
			sourceTree = "<group>";
		};
/* End PBXGroup section */

/* Begin PBXNativeTarget section */
		A218CB4C1FD52203009AE81E /* rise-up */ = {
			isa = PBXNativeTarget;
			buildConfigurationList = A218CB5F1FD52203009AE81E /* Build configuration list for PBXNativeTarget "rise-up" */;
			buildPhases = (
				2017EE623FF02313A57C7EEB /* [CP] Check Pods Manifest.lock */,
				A218CB491FD52203009AE81E /* Sources */,
				A218CB4A1FD52203009AE81E /* Frameworks */,
				A218CB4B1FD52203009AE81E /* Resources */,
				1E8D117417814B97410F6B65 /* [CP] Embed Pods Frameworks */,
				5482F42517622E8977F86DC5 /* [CP] Copy Pods Resources */,
			);
			buildRules = (
			);
			dependencies = (
			);
			name = "rise-up";
			productName = "rise-up";
			productReference = A218CB4D1FD52203009AE81E /* rise-up.app */;
			productType = "com.apple.product-type.application";
		};
/* End PBXNativeTarget section */

/* Begin PBXProject section */
		A218CB451FD52203009AE81E /* Project object */ = {
			isa = PBXProject;
			attributes = {
				LastSwiftUpdateCheck = 0830;
				LastUpgradeCheck = 0830;
				ORGANIZATIONNAME = koingdev;
				TargetAttributes = {
					A218CB4C1FD52203009AE81E = {
						CreatedOnToolsVersion = 8.3.3;
						DevelopmentTeam = MM23294F8G;
						LastSwiftMigration = 0830;
						ProvisioningStyle = Automatic;
					};
				};
			};
			buildConfigurationList = A218CB481FD52203009AE81E /* Build configuration list for PBXProject "rise-up" */;
			compatibilityVersion = "Xcode 3.2";
			developmentRegion = English;
			hasScannedForEncodings = 0;
			knownRegions = (
				en,
				Base,
			);
			mainGroup = A218CB441FD52203009AE81E;
			productRefGroup = A218CB4E1FD52203009AE81E /* Products */;
			projectDirPath = "";
			projectRoot = "";
			targets = (
				A218CB4C1FD52203009AE81E /* rise-up */,
			);
		};
/* End PBXProject section */

/* Begin PBXResourcesBuildPhase section */
		A218CB4B1FD52203009AE81E /* Resources */ = {
			isa = PBXResourcesBuildPhase;
			buildActionMask = 2147483647;
			files = (
				A218CB5B1FD52203009AE81E /* LaunchScreen.storyboard in Resources */,
				A218CB581FD52203009AE81E /* Assets.xcassets in Resources */,
				A218CB561FD52203009AE81E /* Main.storyboard in Resources */,
			);
			runOnlyForDeploymentPostprocessing = 0;
		};
/* End PBXResourcesBuildPhase section */

/* Begin PBXShellScriptBuildPhase section */
		1E8D117417814B97410F6B65 /* [CP] Embed Pods Frameworks */ = {
			isa = PBXShellScriptBuildPhase;
			buildActionMask = 2147483647;
			files = (
			);
			inputPaths = (
			);
			name = "[CP] Embed Pods Frameworks";
			outputPaths = (
			);
			runOnlyForDeploymentPostprocessing = 0;
			shellPath = /bin/sh;
			shellScript = "\"${SRCROOT}/Pods/Target Support Files/Pods-rise-up/Pods-rise-up-frameworks.sh\"\n";
			showEnvVarsInLog = 0;
		};
		2017EE623FF02313A57C7EEB /* [CP] Check Pods Manifest.lock */ = {
			isa = PBXShellScriptBuildPhase;
			buildActionMask = 2147483647;
			files = (
			);
			inputPaths = (
			);
			name = "[CP] Check Pods Manifest.lock";
			outputPaths = (
			);
			runOnlyForDeploymentPostprocessing = 0;
			shellPath = /bin/sh;
			shellScript = "diff \"${PODS_ROOT}/../Podfile.lock\" \"${PODS_ROOT}/Manifest.lock\" > /dev/null\nif [ $? != 0 ] ; then\n    # print error to STDERR\n    echo \"error: The sandbox is not in sync with the Podfile.lock. Run 'pod install' or update your CocoaPods installation.\" >&2\n    exit 1\nfi\n";
			showEnvVarsInLog = 0;
		};
		5482F42517622E8977F86DC5 /* [CP] Copy Pods Resources */ = {
			isa = PBXShellScriptBuildPhase;
			buildActionMask = 2147483647;
			files = (
			);
			inputPaths = (
			);
			name = "[CP] Copy Pods Resources";
			outputPaths = (
			);
			runOnlyForDeploymentPostprocessing = 0;
			shellPath = /bin/sh;
			shellScript = "\"${SRCROOT}/Pods/Target Support Files/Pods-rise-up/Pods-rise-up-resources.sh\"\n";
			showEnvVarsInLog = 0;
		};
/* End PBXShellScriptBuildPhase section */

/* Begin PBXSourcesBuildPhase section */
		A218CB491FD52203009AE81E /* Sources */ = {
			isa = PBXSourcesBuildPhase;
			buildActionMask = 2147483647;
			files = (
				A218CB531FD52203009AE81E /* HomeVC.swift in Sources */,
				A2EE5F821FD67E8E00B6476B /* RiseUp.swift in Sources */,
				A218CB681FD528BE009AE81E /* MenuVC.swift in Sources */,
				A2EAD1C81FD7AD8700459663 /* SWRevealViewController.m in Sources */,
				A218CB511FD52203009AE81E /* AppDelegate.swift in Sources */,
				A24B3E7B1FD8C9BF007A1993 /* CustomGradientView.swift in Sources */,
				A2778D531FD6F0A100DFE7FE /* RiseUpCell.swift in Sources */,
				A2EAD1B91FD79B8900459663 /* ContentVC.swift in Sources */,
				A21574231FD70078008D5227 /* Constant.swift in Sources */,
			);
			runOnlyForDeploymentPostprocessing = 0;
		};
/* End PBXSourcesBuildPhase section */

/* Begin PBXVariantGroup section */
		A218CB541FD52203009AE81E /* Main.storyboard */ = {
			isa = PBXVariantGroup;
			children = (
				A218CB551FD52203009AE81E /* Base */,
			);
			name = Main.storyboard;
			sourceTree = "<group>";
		};
		A218CB591FD52203009AE81E /* LaunchScreen.storyboard */ = {
			isa = PBXVariantGroup;
			children = (
				A218CB5A1FD52203009AE81E /* Base */,
			);
			name = LaunchScreen.storyboard;
			sourceTree = "<group>";
		};
/* End PBXVariantGroup section */

/* Begin XCBuildConfiguration section */
		A218CB5D1FD52203009AE81E /* Debug */ = {
			isa = XCBuildConfiguration;
			buildSettings = {
				ALWAYS_SEARCH_USER_PATHS = NO;
				CLANG_ANALYZER_NONNULL = YES;
				CLANG_ANALYZER_NUMBER_OBJECT_CONVERSION = YES_AGGRESSIVE;
				CLANG_CXX_LANGUAGE_STANDARD = "gnu++0x";
				CLANG_CXX_LIBRARY = "libc++";
				CLANG_ENABLE_MODULES = YES;
				CLANG_ENABLE_OBJC_ARC = YES;
				CLANG_WARN_BOOL_CONVERSION = YES;
				CLANG_WARN_CONSTANT_CONVERSION = YES;
				CLANG_WARN_DIRECT_OBJC_ISA_USAGE = YES_ERROR;
				CLANG_WARN_DOCUMENTATION_COMMENTS = YES;
				CLANG_WARN_EMPTY_BODY = YES;
				CLANG_WARN_ENUM_CONVERSION = YES;
				CLANG_WARN_INFINITE_RECURSION = YES;
				CLANG_WARN_INT_CONVERSION = YES;
				CLANG_WARN_OBJC_ROOT_CLASS = YES_ERROR;
				CLANG_WARN_SUSPICIOUS_MOVE = YES;
				CLANG_WARN_UNREACHABLE_CODE = YES;
				CLANG_WARN__DUPLICATE_METHOD_MATCH = YES;
				"CODE_SIGN_IDENTITY[sdk=iphoneos*]" = "iPhone Developer";
				COPY_PHASE_STRIP = NO;
				DEBUG_INFORMATION_FORMAT = dwarf;
				ENABLE_STRICT_OBJC_MSGSEND = YES;
				ENABLE_TESTABILITY = YES;
				GCC_C_LANGUAGE_STANDARD = gnu99;
				GCC_DYNAMIC_NO_PIC = NO;
				GCC_NO_COMMON_BLOCKS = YES;
				GCC_OPTIMIZATION_LEVEL = 0;
				GCC_PREPROCESSOR_DEFINITIONS = (
					"DEBUG=1",
					"$(inherited)",
				);
				GCC_WARN_64_TO_32_BIT_CONVERSION = YES;
				GCC_WARN_ABOUT_RETURN_TYPE = YES_ERROR;
				GCC_WARN_UNDECLARED_SELECTOR = YES;
				GCC_WARN_UNINITIALIZED_AUTOS = YES_AGGRESSIVE;
				GCC_WARN_UNUSED_FUNCTION = YES;
				GCC_WARN_UNUSED_VARIABLE = YES;
				IPHONEOS_DEPLOYMENT_TARGET = 10.3;
				MTL_ENABLE_DEBUG_INFO = YES;
				ONLY_ACTIVE_ARCH = YES;
				SDKROOT = iphoneos;
				SWIFT_ACTIVE_COMPILATION_CONDITIONS = DEBUG;
				SWIFT_OPTIMIZATION_LEVEL = "-Onone";
				TARGETED_DEVICE_FAMILY = "1,2";
			};
			name = Debug;
		};
		A218CB5E1FD52203009AE81E /* Release */ = {
			isa = XCBuildConfiguration;
			buildSettings = {
				ALWAYS_SEARCH_USER_PATHS = NO;
				CLANG_ANALYZER_NONNULL = YES;
				CLANG_ANALYZER_NUMBER_OBJECT_CONVERSION = YES_AGGRESSIVE;
				CLANG_CXX_LANGUAGE_STANDARD = "gnu++0x";
				CLANG_CXX_LIBRARY = "libc++";
				CLANG_ENABLE_MODULES = YES;
				CLANG_ENABLE_OBJC_ARC = YES;
				CLANG_WARN_BOOL_CONVERSION = YES;
				CLANG_WARN_CONSTANT_CONVERSION = YES;
				CLANG_WARN_DIRECT_OBJC_ISA_USAGE = YES_ERROR;
				CLANG_WARN_DOCUMENTATION_COMMENTS = YES;
				CLANG_WARN_EMPTY_BODY = YES;
				CLANG_WARN_ENUM_CONVERSION = YES;
				CLANG_WARN_INFINITE_RECURSION = YES;
				CLANG_WARN_INT_CONVERSION = YES;
				CLANG_WARN_OBJC_ROOT_CLASS = YES_ERROR;
				CLANG_WARN_SUSPICIOUS_MOVE = YES;
				CLANG_WARN_UNREACHABLE_CODE = YES;
				CLANG_WARN__DUPLICATE_METHOD_MATCH = YES;
				"CODE_SIGN_IDENTITY[sdk=iphoneos*]" = "iPhone Developer";
				COPY_PHASE_STRIP = NO;
				DEBUG_INFORMATION_FORMAT = "dwarf-with-dsym";
				ENABLE_NS_ASSERTIONS = NO;
				ENABLE_STRICT_OBJC_MSGSEND = YES;
				GCC_C_LANGUAGE_STANDARD = gnu99;
				GCC_NO_COMMON_BLOCKS = YES;
				GCC_WARN_64_TO_32_BIT_CONVERSION = YES;
				GCC_WARN_ABOUT_RETURN_TYPE = YES_ERROR;
				GCC_WARN_UNDECLARED_SELECTOR = YES;
				GCC_WARN_UNINITIALIZED_AUTOS = YES_AGGRESSIVE;
				GCC_WARN_UNUSED_FUNCTION = YES;
				GCC_WARN_UNUSED_VARIABLE = YES;
				IPHONEOS_DEPLOYMENT_TARGET = 10.3;
				MTL_ENABLE_DEBUG_INFO = NO;
				SDKROOT = iphoneos;
				SWIFT_OPTIMIZATION_LEVEL = "-Owholemodule";
				TARGETED_DEVICE_FAMILY = "1,2";
				VALIDATE_PRODUCT = YES;
			};
			name = Release;
		};
		A218CB601FD52203009AE81E /* Debug */ = {
			isa = XCBuildConfiguration;
			baseConfigurationReference = 5D835AA8DB52401CE264D26D /* Pods-rise-up.debug.xcconfig */;
			buildSettings = {
				ASSETCATALOG_COMPILER_APPICON_NAME = AppIcon;
				CLANG_ENABLE_MODULES = YES;
				DEVELOPMENT_TEAM = MM23294F8G;
				INFOPLIST_FILE = "rise-up/Info.plist";
				LD_RUNPATH_SEARCH_PATHS = "$(inherited) @executable_path/Frameworks";
				PRODUCT_BUNDLE_IDENTIFIER = "koingdev.rise-up";
				PRODUCT_NAME = "$(TARGET_NAME)";
				SWIFT_OBJC_BRIDGING_HEADER = "rise-up/rise-up-Bridging-Header.h";
				SWIFT_OPTIMIZATION_LEVEL = "-Onone";
				SWIFT_VERSION = 3.0;
			};
			name = Debug;
		};
		A218CB611FD52203009AE81E /* Release */ = {
			isa = XCBuildConfiguration;
			baseConfigurationReference = F56F7DCCCC8B6D3B3C7ADA30 /* Pods-rise-up.release.xcconfig */;
			buildSettings = {
				ASSETCATALOG_COMPILER_APPICON_NAME = AppIcon;
				CLANG_ENABLE_MODULES = YES;
				DEVELOPMENT_TEAM = MM23294F8G;
				INFOPLIST_FILE = "rise-up/Info.plist";
				LD_RUNPATH_SEARCH_PATHS = "$(inherited) @executable_path/Frameworks";
				PRODUCT_BUNDLE_IDENTIFIER = "koingdev.rise-up";
				PRODUCT_NAME = "$(TARGET_NAME)";
				SWIFT_OBJC_BRIDGING_HEADER = "rise-up/rise-up-Bridging-Header.h";
				SWIFT_VERSION = 3.0;
			};
			name = Release;
		};
/* End XCBuildConfiguration section */

/* Begin XCConfigurationList section */
		A218CB481FD52203009AE81E /* Build configuration list for PBXProject "rise-up" */ = {
			isa = XCConfigurationList;
			buildConfigurations = (
				A218CB5D1FD52203009AE81E /* Debug */,
				A218CB5E1FD52203009AE81E /* Release */,
			);
			defaultConfigurationIsVisible = 0;
			defaultConfigurationName = Release;
		};
		A218CB5F1FD52203009AE81E /* Build configuration list for PBXNativeTarget "rise-up" */ = {
			isa = XCConfigurationList;
			buildConfigurations = (
				A218CB601FD52203009AE81E /* Debug */,
				A218CB611FD52203009AE81E /* Release */,
			);
			defaultConfigurationIsVisible = 0;
			defaultConfigurationName = Release;
		};
/* End XCConfigurationList section */
	};
	rootObject = A218CB451FD52203009AE81E /* Project object */;
}
