// !$*UTF8*$!
{
	archiveVersion = 1;
	classes = {
	};
	objectVersion = 46;
	objects = {

/* Begin PBXBuildFile section */
		A218CB511FD52203009AE81E /* AppDelegate.swift in Sources */ = {isa = PBXBuildFile; fileRef = A218CB501FD52203009AE81E /* AppDelegate.swift */; };
		A218CB531FD52203009AE81E /* ViewController.swift in Sources */ = {isa = PBXBuildFile; fileRef = A218CB521FD52203009AE81E /* ViewController.swift */; };
		A218CB561FD52203009AE81E /* Main.storyboard in Resources */ = {isa = PBXBuildFile; fileRef = A218CB541FD52203009AE81E /* Main.storyboard */; };
		A218CB581FD52203009AE81E /* Assets.xcassets in Resources */ = {isa = PBXBuildFile; fileRef = A218CB571FD52203009AE81E /* Assets.xcassets */; };
		A218CB5B1FD52203009AE81E /* LaunchScreen.storyboard in Resources */ = {isa = PBXBuildFile; fileRef = A218CB591FD52203009AE81E /* LaunchScreen.storyboard */; };
/* End PBXBuildFile section */

/* Begin PBXFileReference section */
		A218CB4D1FD52203009AE81E /* rise-up.app */ = {isa = PBXFileReference; explicitFileType = wrapper.application; includeInIndex = 0; path = "rise-up.app"; sourceTree = BUILT_PRODUCTS_DIR; };
		A218CB501FD52203009AE81E /* AppDelegate.swift */ = {isa = PBXFileReference; lastKnownFileType = sourcecode.swift; path = AppDelegate.swift; sourceTree = "<group>"; };
		A218CB521FD52203009AE81E /* ViewController.swift */ = {isa = PBXFileReference; lastKnownFileType = sourcecode.swift; path = ViewController.swift; sourceTree = "<group>"; };
		A218CB551FD52203009AE81E /* Base */ = {isa = PBXFileReference; lastKnownFileType = file.storyboard; name = Base; path = Base.lproj/Main.storyboard; sourceTree = "<group>"; };
		A218CB571FD52203009AE81E /* Assets.xcassets */ = {isa = PBXFileReference; lastKnownFileType = folder.assetcatalog; path = Assets.xcassets; sourceTree = "<group>"; };
		A218CB5A1FD52203009AE81E /* Base */ = {isa = PBXFileReference; lastKnownFileType = file.storyboard; name = Base; path = Base.lproj/LaunchScreen.storyboard; sourceTree = "<group>"; };
		A218CB5C1FD52203009AE81E /* Info.plist */ = {isa = PBXFileReference; lastKnownFileType = text.plist.xml; path = Info.plist; sourceTree = "<group>"; };
/* End PBXFileReference section */

/* Begin PBXFrameworksBuildPhase section */
		A218CB4A1FD52203009AE81E /* Frameworks */ = {
			isa = PBXFrameworksBuildPhase;
			buildActionMask = 2147483647;
			files = (
			);
			runOnlyForDeploymentPostprocessing = 0;
		};
/* End PBXFrameworksBuildPhase section */

/* Begin PBXGroup section */
		A218CB441FD52203009AE81E = {
			isa = PBXGroup;
			children = (
				A218CB4F1FD52203009AE81E /* rise-up */,
				A218CB4E1FD52203009AE81E /* Products */,
			);
			sourceTree = "<group>";
		};
		A218CB4E1FD52203009AE81E /* Products */ = {
			isa = PBXGroup;
			children = (
				A218CB4D1FD52203009AE81E /* rise-up.app */,
			);
			name = Products;
			sourceTree = "<group>";
		};
		A218CB4F1FD52203009AE81E /* rise-up */ = {
			isa = PBXGroup;
			children = (
				A218CB501FD52203009AE81E /* AppDelegate.swift */,
				A218CB521FD52203009AE81E /* ViewController.swift */,
				A218CB541FD52203009AE81E /* Main.storyboard */,
				A218CB571FD52203009AE81E /* Assets.xcassets */,
				A218CB591FD52203009AE81E /* LaunchScreen.storyboard */,
				A218CB5C1FD52203009AE81E /* Info.plist */,
			);
			path = "rise-up";
			sourceTree = "<group>";
		};
/* End PBXGroup section */

/* Begin PBXNativeTarget section */
		A218CB4C1FD52203009AE81E /* rise-up */ = {
			isa = PBXNativeTarget;
			buildConfigurationList = A218CB5F1FD52203009AE81E /* Build configuration list for PBXNativeTarget "rise-up" */;
			buildPhases = (
				A218CB491FD52203009AE81E /* Sources */,
				A218CB4A1FD52203009AE81E /* Frameworks */,
				A218CB4B1FD52203009AE81E /* Resources */,
			);
			buildRules = (
			);
			dependencies = (
			);
			name = "rise-up";
			productName = "rise-up";
			productReference = A218CB4D1FD52203009AE81E /* rise-up.app */;
			productType = "com.apple.product-type.application";
		};
/* End PBXNativeTarget section */

/* Begin PBXProject section */
		A218CB451FD52203009AE81E /* Project object */ = {
			isa = PBXProject;
			attributes = {
				LastSwiftUpdateCheck = 0830;
				LastUpgradeCheck = 0830;
				ORGANIZATIONNAME = koingdev;
				TargetAttributes = {
					A218CB4C1FD52203009AE81E = {
						CreatedOnToolsVersion = 8.3.3;
						DevelopmentTeam = MM23294F8G;
						ProvisioningStyle = Automatic;
					};
				};
			};
			buildConfigurationList = A218CB481FD52203009AE81E /* Build configuration list for PBXProject "rise-up" */;
			compatibilityVersion = "Xcode 3.2";
			developmentRegion = English;
			hasScannedForEncodings = 0;
			knownRegions = (
				en,
				Base,
			);
			mainGroup = A218CB441FD52203009AE81E;
			productRefGroup = A218CB4E1FD52203009AE81E /* Products */;
			projectDirPath = "";
			projectRoot = "";
			targets = (
				A218CB4C1FD52203009AE81E /* rise-up */,
			);
		};
/* End PBXProject section */

/* Begin PBXResourcesBuildPhase section */
		A218CB4B1FD52203009AE81E /* Resources */ = {
			isa = PBXResourcesBuildPhase;
			buildActionMask = 2147483647;
			files = (
				A218CB5B1FD52203009AE81E /* LaunchScreen.storyboard in Resources */,
				A218CB581FD52203009AE81E /* Assets.xcassets in Resources */,
				A218CB561FD52203009AE81E /* Main.storyboard in Resources */,
			);
			runOnlyForDeploymentPostprocessing = 0;
		};
/* End PBXResourcesBuildPhase section */

/* Begin PBXSourcesBuildPhase section */
		A218CB491FD52203009AE81E /* Sources */ = {
			isa = PBXSourcesBuildPhase;
			buildActionMask = 2147483647;
			files = (
				A218CB531FD52203009AE81E /* ViewController.swift in Sources */,
				A218CB511FD52203009AE81E /* AppDelegate.swift in Sources */,
			);
			runOnlyForDeploymentPostprocessing = 0;
		};
/* End PBXSourcesBuildPhase section */

/* Begin PBXVariantGroup section */
		A218CB541FD52203009AE81E /* Main.storyboard */ = {
			isa = PBXVariantGroup;
			children = (
				A218CB551FD52203009AE81E /* Base */,
			);
			name = Main.storyboard;
			sourceTree = "<group>";
		};
		A218CB591FD52203009AE81E /* LaunchScreen.storyboard */ = {
			isa = PBXVariantGroup;
			children = (
				A218CB5A1FD52203009AE81E /* Base */,
			);
			name = LaunchScreen.storyboard;
			sourceTree = "<group>";
		};
/* End PBXVariantGroup section */

/* Begin XCBuildConfiguration section */
		A218CB5D1FD52203009AE81E /* Debug */ = {
			isa = XCBuildConfiguration;
			buildSettings = {
				ALWAYS_SEARCH_USER_PATHS = NO;
				CLANG_ANALYZER_NONNULL = YES;
				CLANG_ANALYZER_NUMBER_OBJECT_CONVERSION = YES_AGGRESSIVE;
				CLANG_CXX_LANGUAGE_STANDARD = "gnu++0x";
				CLANG_CXX_LIBRARY = "libc++";
				CLANG_ENABLE_MODULES = YES;
				CLANG_ENABLE_OBJC_ARC = YES;
				CLANG_WARN_BOOL_CONVERSION = YES;
				CLANG_WARN_CONSTANT_CONVERSION = YES;
				CLANG_WARN_DIRECT_OBJC_ISA_USAGE = YES_ERROR;
				CLANG_WARN_DOCUMENTATION_COMMENTS = YES;
				CLANG_WARN_EMPTY_BODY = YES;
				CLANG_WARN_ENUM_CONVERSION = YES;
				CLANG_WARN_INFINITE_RECURSION = YES;
				CLANG_WARN_INT_CONVERSION = YES;
				CLANG_WARN_OBJC_ROOT_CLASS = YES_ERROR;
				CLANG_WARN_SUSPICIOUS_MOVE = YES;
				CLANG_WARN_UNREACHABLE_CODE = YES;
				CLANG_WARN__DUPLICATE_METHOD_MATCH = YES;
				"CODE_SIGN_IDENTITY[sdk=iphoneos*]" = "iPhone Developer";
				COPY_PHASE_STRIP = NO;
				DEBUG_INFORMATION_FORMAT = dwarf;
				ENABLE_STRICT_OBJC_MSGSEND = YES;
				ENABLE_TESTABILITY = YES;
				GCC_C_LANGUAGE_STANDARD = gnu99;
				GCC_DYNAMIC_NO_PIC = NO;
				GCC_NO_COMMON_BLOCKS = YES;
				GCC_OPTIMIZATION_LEVEL = 0;
				GCC_PREPROCESSOR_DEFINITIONS = (
					"DEBUG=1",
					"$(inherited)",
				);
				GCC_WARN_64_TO_32_BIT_CONVERSION = YES;
				GCC_WARN_ABOUT_RETURN_TYPE = YES_ERROR;
				GCC_WARN_UNDECLARED_SELECTOR = YES;
				GCC_WARN_UNINITIALIZED_AUTOS = YES_AGGRESSIVE;
				GCC_WARN_UNUSED_FUNCTION = YES;
				GCC_WARN_UNUSED_VARIABLE = YES;
				IPHONEOS_DEPLOYMENT_TARGET = 10.3;
				MTL_ENABLE_DEBUG_INFO = YES;
				ONLY_ACTIVE_ARCH = YES;
				SDKROOT = iphoneos;
				SWIFT_ACTIVE_COMPILATION_CONDITIONS = DEBUG;
				SWIFT_OPTIMIZATION_LEVEL = "-Onone";
				TARGETED_DEVICE_FAMILY = "1,2";
			};
			name = Debug;
		};
		A218CB5E1FD52203009AE81E /* Release */ = {
			isa = XCBuildConfiguration;
			buildSettings = {
				ALWAYS_SEARCH_USER_PATHS = NO;
				CLANG_ANALYZER_NONNULL = YES;
				CLANG_ANALYZER_NUMBER_OBJECT_CONVERSION = YES_AGGRESSIVE;
				CLANG_CXX_LANGUAGE_STANDARD = "gnu++0x";
				CLANG_CXX_LIBRARY = "libc++";
				CLANG_ENABLE_MODULES = YES;
				CLANG_ENABLE_OBJC_ARC = YES;
				CLANG_WARN_BOOL_CONVERSION = YES;
				CLANG_WARN_CONSTANT_CONVERSION = YES;
				CLANG_WARN_DIRECT_OBJC_ISA_USAGE = YES_ERROR;
				CLANG_WARN_DOCUMENTATION_COMMENTS = YES;
				CLANG_WARN_EMPTY_BODY = YES;
				CLANG_WARN_ENUM_CONVERSION = YES;
				CLANG_WARN_INFINITE_RECURSION = YES;
				CLANG_WARN_INT_CONVERSION = YES;
				CLANG_WARN_OBJC_ROOT_CLASS = YES_ERROR;
				CLANG_WARN_SUSPICIOUS_MOVE = YES;
				CLANG_WARN_UNREACHABLE_CODE = YES;
				CLANG_WARN__DUPLICATE_METHOD_MATCH = YES;
				"CODE_SIGN_IDENTITY[sdk=iphoneos*]" = "iPhone Developer";
				COPY_PHASE_STRIP = NO;
				DEBUG_INFORMATION_FORMAT = "dwarf-with-dsym";
				ENABLE_NS_ASSERTIONS = NO;
				ENABLE_STRICT_OBJC_MSGSEND = YES;
				GCC_C_LANGUAGE_STANDARD = gnu99;
				GCC_NO_COMMON_BLOCKS = YES;
				GCC_WARN_64_TO_32_BIT_CONVERSION = YES;
				GCC_WARN_ABOUT_RETURN_TYPE = YES_ERROR;
				GCC_WARN_UNDECLARED_SELECTOR = YES;
				GCC_WARN_UNINITIALIZED_AUTOS = YES_AGGRESSIVE;
				GCC_WARN_UNUSED_FUNCTION = YES;
				GCC_WARN_UNUSED_VARIABLE = YES;
				IPHONEOS_DEPLOYMENT_TARGET = 10.3;
				MTL_ENABLE_DEBUG_INFO = NO;
				SDKROOT = iphoneos;
				SWIFT_OPTIMIZATION_LEVEL = "-Owholemodule";
				TARGETED_DEVICE_FAMILY = "1,2";
				VALIDATE_PRODUCT = YES;
			};
			name = Release;
		};
		A218CB601FD52203009AE81E /* Debug */ = {
			isa = XCBuildConfiguration;
			buildSettings = {
				ASSETCATALOG_COMPILER_APPICON_NAME = AppIcon;
				DEVELOPMENT_TEAM = MM23294F8G;
				INFOPLIST_FILE = "rise-up/Info.plist";
				LD_RUNPATH_SEARCH_PATHS = "$(inherited) @executable_path/Frameworks";
				PRODUCT_BUNDLE_IDENTIFIER = "koingdev.rise-up";
				PRODUCT_NAME = "$(TARGET_NAME)";
				SWIFT_VERSION = 3.0;
			};
			name = Debug;
		};
		A218CB611FD52203009AE81E /* Release */ = {
			isa = XCBuildConfiguration;
			buildSettings = {
				ASSETCATALOG_COMPILER_APPICON_NAME = AppIcon;
				DEVELOPMENT_TEAM = MM23294F8G;
				INFOPLIST_FILE = "rise-up/Info.plist";
				LD_RUNPATH_SEARCH_PATHS = "$(inherited) @executable_path/Frameworks";
				PRODUCT_BUNDLE_IDENTIFIER = "koingdev.rise-up";
				PRODUCT_NAME = "$(TARGET_NAME)";
				SWIFT_VERSION = 3.0;
			};
			name = Release;
		};
/* End XCBuildConfiguration section */

/* Begin XCConfigurationList section */
		A218CB481FD52203009AE81E /* Build configuration list for PBXProject "rise-up" */ = {
			isa = XCConfigurationList;
			buildConfigurations = (
				A218CB5D1FD52203009AE81E /* Debug */,
				A218CB5E1FD52203009AE81E /* Release */,
			);
			defaultConfigurationIsVisible = 0;
			defaultConfigurationName = Release;
		};
		A218CB5F1FD52203009AE81E /* Build configuration list for PBXNativeTarget "rise-up" */ = {
			isa = XCConfigurationList;
			buildConfigurations = (
				A218CB601FD52203009AE81E /* Debug */,
				A218CB611FD52203009AE81E /* Release */,
			);
			defaultConfigurationIsVisible = 0;
		};
/* End XCConfigurationList section */
	};
	rootObject = A218CB451FD52203009AE81E /* Project object */;
}
